// !$*UTF8*$!
{
	archiveVersion = 1;
	classes = {
	};
	objectVersion = 56;
	objects = {

/* Begin PBXBuildFile section */
		6E00CED92C65A29F00B61335 /* RegisterViewModel.swift in Sources */ = {isa = PBXBuildFile; fileRef = 6E00CED82C65A29F00B61335 /* RegisterViewModel.swift */; };
		6E6721D32C603D5D00BCA516 /* HabitChallengeCardView.swift in Sources */ = {isa = PBXBuildFile; fileRef = 6E6721D22C603D5C00BCA516 /* HabitChallengeCardView.swift */; };
		6E6721D72C60407200BCA516 /* JournalPostView.swift in Sources */ = {isa = PBXBuildFile; fileRef = 6E6721D62C60407200BCA516 /* JournalPostView.swift */; };
		6E6721DA2C6040B800BCA516 /* DataManager.swift in Sources */ = {isa = PBXBuildFile; fileRef = 6E6721D92C6040B800BCA516 /* DataManager.swift */; };
		6E6721E02C604F9C00BCA516 /* SuccessStreakView.swift in Sources */ = {isa = PBXBuildFile; fileRef = 6E6721DF2C604F9C00BCA516 /* SuccessStreakView.swift */; };
		6E6721E22C60608900BCA516 /* HabitMoreView.swift in Sources */ = {isa = PBXBuildFile; fileRef = 6E6721E12C60608900BCA516 /* HabitMoreView.swift */; };
		6EB774A32C653DD100A0F52F /* GoogleService-Info.plist in Resources */ = {isa = PBXBuildFile; fileRef = 6EB774A22C653DD100A0F52F /* GoogleService-Info.plist */; };
		6EB774A62C65473B00A0F52F /* FirebaseAnalytics in Frameworks */ = {isa = PBXBuildFile; productRef = 6EB774A52C65473B00A0F52F /* FirebaseAnalytics */; };
		6EB774A82C65473B00A0F52F /* FirebaseAuth in Frameworks */ = {isa = PBXBuildFile; productRef = 6EB774A72C65473B00A0F52F /* FirebaseAuth */; };
		6EB774AA2C65473B00A0F52F /* FirebaseFirestore in Frameworks */ = {isa = PBXBuildFile; productRef = 6EB774A92C65473B00A0F52F /* FirebaseFirestore */; };
		6EB774AC2C65473B00A0F52F /* FirebaseMessaging in Frameworks */ = {isa = PBXBuildFile; productRef = 6EB774AB2C65473B00A0F52F /* FirebaseMessaging */; };
		6EB774AE2C65473B00A0F52F /* FirebaseStorage in Frameworks */ = {isa = PBXBuildFile; productRef = 6EB774AD2C65473B00A0F52F /* FirebaseStorage */; };
		6EB774B22C654C2E00A0F52F /* LoginView.swift in Sources */ = {isa = PBXBuildFile; fileRef = 6EB774B12C654C2E00A0F52F /* LoginView.swift */; };
		6EB774B42C65950700A0F52F /* RegistrationView.swift in Sources */ = {isa = PBXBuildFile; fileRef = 6EB774B32C65950700A0F52F /* RegistrationView.swift */; };
		6EB774B72C659D4F00A0F52F /* LoginViewModel.swift in Sources */ = {isa = PBXBuildFile; fileRef = 6EB774B62C659D4F00A0F52F /* LoginViewModel.swift */; };
		6ED534262C5EFD5E00D3D420 /* thirtyApp.swift in Sources */ = {isa = PBXBuildFile; fileRef = 6ED534252C5EFD5E00D3D420 /* thirtyApp.swift */; };
		6ED534282C5EFD5E00D3D420 /* ContentView.swift in Sources */ = {isa = PBXBuildFile; fileRef = 6ED534272C5EFD5E00D3D420 /* ContentView.swift */; };
		6ED5342A2C5EFD6000D3D420 /* Assets.xcassets in Resources */ = {isa = PBXBuildFile; fileRef = 6ED534292C5EFD6000D3D420 /* Assets.xcassets */; };
		6ED5342E2C5EFD6000D3D420 /* Preview Assets.xcassets in Resources */ = {isa = PBXBuildFile; fileRef = 6ED5342D2C5EFD6000D3D420 /* Preview Assets.xcassets */; };
		6ED534352C5F044800D3D420 /* HomeView.swift in Sources */ = {isa = PBXBuildFile; fileRef = 6ED534342C5F044800D3D420 /* HomeView.swift */; };
		6ED534382C5F05D200D3D420 /* ProfileView.swift in Sources */ = {isa = PBXBuildFile; fileRef = 6ED534372C5F05D200D3D420 /* ProfileView.swift */; };
		6ED5343E2C5F072B00D3D420 /* JournalView.swift in Sources */ = {isa = PBXBuildFile; fileRef = 6ED5343D2C5F072B00D3D420 /* JournalView.swift */; };
/* End PBXBuildFile section */

/* Begin PBXFileReference section */
		6E00CED82C65A29F00B61335 /* RegisterViewModel.swift */ = {isa = PBXFileReference; lastKnownFileType = sourcecode.swift; path = RegisterViewModel.swift; sourceTree = "<group>"; };
		6E6721D22C603D5C00BCA516 /* HabitChallengeCardView.swift */ = {isa = PBXFileReference; lastKnownFileType = sourcecode.swift; path = HabitChallengeCardView.swift; sourceTree = "<group>"; };
		6E6721D62C60407200BCA516 /* JournalPostView.swift */ = {isa = PBXFileReference; lastKnownFileType = sourcecode.swift; path = JournalPostView.swift; sourceTree = "<group>"; };
		6E6721D92C6040B800BCA516 /* DataManager.swift */ = {isa = PBXFileReference; lastKnownFileType = sourcecode.swift; path = DataManager.swift; sourceTree = "<group>"; };
		6E6721DF2C604F9C00BCA516 /* SuccessStreakView.swift */ = {isa = PBXFileReference; lastKnownFileType = sourcecode.swift; path = SuccessStreakView.swift; sourceTree = "<group>"; };
		6E6721E12C60608900BCA516 /* HabitMoreView.swift */ = {isa = PBXFileReference; lastKnownFileType = sourcecode.swift; path = HabitMoreView.swift; sourceTree = "<group>"; };
		6EB774A22C653DD100A0F52F /* GoogleService-Info.plist */ = {isa = PBXFileReference; fileEncoding = 4; lastKnownFileType = text.plist.xml; path = "GoogleService-Info.plist"; sourceTree = "<group>"; };
		6EB774B12C654C2E00A0F52F /* LoginView.swift */ = {isa = PBXFileReference; lastKnownFileType = sourcecode.swift; path = LoginView.swift; sourceTree = "<group>"; };
		6EB774B32C65950700A0F52F /* RegistrationView.swift */ = {isa = PBXFileReference; lastKnownFileType = sourcecode.swift; path = RegistrationView.swift; sourceTree = "<group>"; };
		6EB774B62C659D4F00A0F52F /* LoginViewModel.swift */ = {isa = PBXFileReference; lastKnownFileType = sourcecode.swift; path = LoginViewModel.swift; sourceTree = "<group>"; };
		6ED534222C5EFD5E00D3D420 /* thirty.app */ = {isa = PBXFileReference; explicitFileType = wrapper.application; includeInIndex = 0; path = thirty.app; sourceTree = BUILT_PRODUCTS_DIR; };
		6ED534252C5EFD5E00D3D420 /* thirtyApp.swift */ = {isa = PBXFileReference; lastKnownFileType = sourcecode.swift; path = thirtyApp.swift; sourceTree = "<group>"; };
		6ED534272C5EFD5E00D3D420 /* ContentView.swift */ = {isa = PBXFileReference; lastKnownFileType = sourcecode.swift; path = ContentView.swift; sourceTree = "<group>"; };
		6ED534292C5EFD6000D3D420 /* Assets.xcassets */ = {isa = PBXFileReference; lastKnownFileType = folder.assetcatalog; path = Assets.xcassets; sourceTree = "<group>"; };
		6ED5342B2C5EFD6000D3D420 /* thirty.entitlements */ = {isa = PBXFileReference; lastKnownFileType = text.plist.entitlements; path = thirty.entitlements; sourceTree = "<group>"; };
		6ED5342D2C5EFD6000D3D420 /* Preview Assets.xcassets */ = {isa = PBXFileReference; lastKnownFileType = folder.assetcatalog; path = "Preview Assets.xcassets"; sourceTree = "<group>"; };
		6ED534342C5F044800D3D420 /* HomeView.swift */ = {isa = PBXFileReference; lastKnownFileType = sourcecode.swift; path = HomeView.swift; sourceTree = "<group>"; };
		6ED534372C5F05D200D3D420 /* ProfileView.swift */ = {isa = PBXFileReference; lastKnownFileType = sourcecode.swift; path = ProfileView.swift; sourceTree = "<group>"; };
		6ED5343D2C5F072B00D3D420 /* JournalView.swift */ = {isa = PBXFileReference; lastKnownFileType = sourcecode.swift; path = JournalView.swift; sourceTree = "<group>"; };
/* End PBXFileReference section */

/* Begin PBXFrameworksBuildPhase section */
		6ED5341F2C5EFD5E00D3D420 /* Frameworks */ = {
			isa = PBXFrameworksBuildPhase;
			buildActionMask = 2147483647;
			files = (
				6EB774AC2C65473B00A0F52F /* FirebaseMessaging in Frameworks */,
				6EB774A62C65473B00A0F52F /* FirebaseAnalytics in Frameworks */,
				6EB774A82C65473B00A0F52F /* FirebaseAuth in Frameworks */,
				6EB774AE2C65473B00A0F52F /* FirebaseStorage in Frameworks */,
				6EB774AA2C65473B00A0F52F /* FirebaseFirestore in Frameworks */,
			);
			runOnlyForDeploymentPostprocessing = 0;
		};
/* End PBXFrameworksBuildPhase section */

/* Begin PBXGroup section */
		6E6721D12C603D4600BCA516 /* SubViews */ = {
			isa = PBXGroup;
			children = (
				6E6721D22C603D5C00BCA516 /* HabitChallengeCardView.swift */,
				6E6721D62C60407200BCA516 /* JournalPostView.swift */,
				6E6721DF2C604F9C00BCA516 /* SuccessStreakView.swift */,
				6E6721E12C60608900BCA516 /* HabitMoreView.swift */,
			);
			path = SubViews;
			sourceTree = "<group>";
		};
		6E6721D82C6040A600BCA516 /* Models */ = {
			isa = PBXGroup;
			children = (
			);
			path = Models;
			sourceTree = "<group>";
		};
		6EB774B52C659D3000A0F52F /* ViewModels */ = {
			isa = PBXGroup;
			children = (
				6EB774B62C659D4F00A0F52F /* LoginViewModel.swift */,
				6E00CED82C65A29F00B61335 /* RegisterViewModel.swift */,
			);
			path = ViewModels;
			sourceTree = "<group>";
		};
		6ED534192C5EFD5E00D3D420 = {
			isa = PBXGroup;
			children = (
				6ED534242C5EFD5E00D3D420 /* thirty */,
				6ED534232C5EFD5E00D3D420 /* Products */,
			);
			sourceTree = "<group>";
		};
		6ED534232C5EFD5E00D3D420 /* Products */ = {
			isa = PBXGroup;
			children = (
				6ED534222C5EFD5E00D3D420 /* thirty.app */,
			);
			name = Products;
			sourceTree = "<group>";
		};
		6ED534242C5EFD5E00D3D420 /* thirty */ = {
			isa = PBXGroup;
			children = (
				6EB774B52C659D3000A0F52F /* ViewModels */,
				6ED5342C2C5EFD6000D3D420 /* Preview Content */,
				6E6721D82C6040A600BCA516 /* Models */,
				6ED534362C5F058600D3D420 /* Views */,
				6ED534252C5EFD5E00D3D420 /* thirtyApp.swift */,
				6ED534272C5EFD5E00D3D420 /* ContentView.swift */,
				6E6721D92C6040B800BCA516 /* DataManager.swift */,
				6ED534292C5EFD6000D3D420 /* Assets.xcassets */,
				6ED5342B2C5EFD6000D3D420 /* thirty.entitlements */,
				6EB774A22C653DD100A0F52F /* GoogleService-Info.plist */,
			);
			path = thirty;
			sourceTree = "<group>";
		};
		6ED5342C2C5EFD6000D3D420 /* Preview Content */ = {
			isa = PBXGroup;
			children = (
				6ED5342D2C5EFD6000D3D420 /* Preview Assets.xcassets */,
			);
			path = "Preview Content";
			sourceTree = "<group>";
		};
		6ED534362C5F058600D3D420 /* Views */ = {
			isa = PBXGroup;
			children = (
				6E6721D12C603D4600BCA516 /* SubViews */,
				6ED534342C5F044800D3D420 /* HomeView.swift */,
				6ED5343D2C5F072B00D3D420 /* JournalView.swift */,
				6ED534372C5F05D200D3D420 /* ProfileView.swift */,
				6EB774B12C654C2E00A0F52F /* LoginView.swift */,
				6EB774B32C65950700A0F52F /* RegistrationView.swift */,
			);
			path = Views;
			sourceTree = "<group>";
		};
/* End PBXGroup section */

/* Begin PBXNativeTarget section */
		6ED534212C5EFD5E00D3D420 /* thirty */ = {
			isa = PBXNativeTarget;
			buildConfigurationList = 6ED534312C5EFD6000D3D420 /* Build configuration list for PBXNativeTarget "thirty" */;
			buildPhases = (
				6ED5341E2C5EFD5E00D3D420 /* Sources */,
				6ED5341F2C5EFD5E00D3D420 /* Frameworks */,
				6ED534202C5EFD5E00D3D420 /* Resources */,
			);
			buildRules = (
			);
			dependencies = (
			);
			name = thirty;
			packageProductDependencies = (
				6EB774A52C65473B00A0F52F /* FirebaseAnalytics */,
				6EB774A72C65473B00A0F52F /* FirebaseAuth */,
				6EB774A92C65473B00A0F52F /* FirebaseFirestore */,
				6EB774AB2C65473B00A0F52F /* FirebaseMessaging */,
				6EB774AD2C65473B00A0F52F /* FirebaseStorage */,
			);
			productName = thirty;
			productReference = 6ED534222C5EFD5E00D3D420 /* thirty.app */;
			productType = "com.apple.product-type.application";
		};
/* End PBXNativeTarget section */

/* Begin PBXProject section */
		6ED5341A2C5EFD5E00D3D420 /* Project object */ = {
			isa = PBXProject;
			attributes = {
				BuildIndependentTargetsInParallel = 1;
				LastSwiftUpdateCheck = 1540;
				LastUpgradeCheck = 1540;
				TargetAttributes = {
					6ED534212C5EFD5E00D3D420 = {
						CreatedOnToolsVersion = 15.4;
					};
				};
			};
			buildConfigurationList = 6ED5341D2C5EFD5E00D3D420 /* Build configuration list for PBXProject "thirty" */;
			compatibilityVersion = "Xcode 14.0";
			developmentRegion = en;
			hasScannedForEncodings = 0;
			knownRegions = (
				en,
				Base,
			);
			mainGroup = 6ED534192C5EFD5E00D3D420;
			packageReferences = (
				6EB774A42C65473B00A0F52F /* XCRemoteSwiftPackageReference "firebase-ios-sdk" */,
			);
			productRefGroup = 6ED534232C5EFD5E00D3D420 /* Products */;
			projectDirPath = "";
			projectRoot = "";
			targets = (
				6ED534212C5EFD5E00D3D420 /* thirty */,
			);
		};
/* End PBXProject section */

/* Begin PBXResourcesBuildPhase section */
		6ED534202C5EFD5E00D3D420 /* Resources */ = {
			isa = PBXResourcesBuildPhase;
			buildActionMask = 2147483647;
			files = (
				6ED5342E2C5EFD6000D3D420 /* Preview Assets.xcassets in Resources */,
				6ED5342A2C5EFD6000D3D420 /* Assets.xcassets in Resources */,
				6EB774A32C653DD100A0F52F /* GoogleService-Info.plist in Resources */,
			);
			runOnlyForDeploymentPostprocessing = 0;
		};
/* End PBXResourcesBuildPhase section */

/* Begin PBXSourcesBuildPhase section */
		6ED5341E2C5EFD5E00D3D420 /* Sources */ = {
			isa = PBXSourcesBuildPhase;
			buildActionMask = 2147483647;
			files = (
				6E6721E02C604F9C00BCA516 /* SuccessStreakView.swift in Sources */,
				6E6721DA2C6040B800BCA516 /* DataManager.swift in Sources */,
				6ED534382C5F05D200D3D420 /* ProfileView.swift in Sources */,
				6EB774B42C65950700A0F52F /* RegistrationView.swift in Sources */,
				6ED534352C5F044800D3D420 /* HomeView.swift in Sources */,
				6ED534282C5EFD5E00D3D420 /* ContentView.swift in Sources */,
				6ED5343E2C5F072B00D3D420 /* JournalView.swift in Sources */,
				6ED534262C5EFD5E00D3D420 /* thirtyApp.swift in Sources */,
				6EB774B72C659D4F00A0F52F /* LoginViewModel.swift in Sources */,
				6E00CED92C65A29F00B61335 /* RegisterViewModel.swift in Sources */,
				6E6721D72C60407200BCA516 /* JournalPostView.swift in Sources */,
				6EB774B22C654C2E00A0F52F /* LoginView.swift in Sources */,
				6E6721E22C60608900BCA516 /* HabitMoreView.swift in Sources */,
				6E6721D32C603D5D00BCA516 /* HabitChallengeCardView.swift in Sources */,
			);
			runOnlyForDeploymentPostprocessing = 0;
		};
/* End PBXSourcesBuildPhase section */

/* Begin XCBuildConfiguration section */
		6ED5342F2C5EFD6000D3D420 /* Debug */ = {
			isa = XCBuildConfiguration;
			buildSettings = {
				ALWAYS_SEARCH_USER_PATHS = NO;
				ASSETCATALOG_COMPILER_GENERATE_SWIFT_ASSET_SYMBOL_EXTENSIONS = YES;
				CLANG_ANALYZER_NONNULL = YES;
				CLANG_ANALYZER_NUMBER_OBJECT_CONVERSION = YES_AGGRESSIVE;
				CLANG_CXX_LANGUAGE_STANDARD = "gnu++20";
				CLANG_ENABLE_MODULES = YES;
				CLANG_ENABLE_OBJC_ARC = YES;
				CLANG_ENABLE_OBJC_WEAK = YES;
				CLANG_WARN_BLOCK_CAPTURE_AUTORELEASING = YES;
				CLANG_WARN_BOOL_CONVERSION = YES;
				CLANG_WARN_COMMA = YES;
				CLANG_WARN_CONSTANT_CONVERSION = YES;
				CLANG_WARN_DEPRECATED_OBJC_IMPLEMENTATIONS = YES;
				CLANG_WARN_DIRECT_OBJC_ISA_USAGE = YES_ERROR;
				CLANG_WARN_DOCUMENTATION_COMMENTS = YES;
				CLANG_WARN_EMPTY_BODY = YES;
				CLANG_WARN_ENUM_CONVERSION = YES;
				CLANG_WARN_INFINITE_RECURSION = YES;
				CLANG_WARN_INT_CONVERSION = YES;
				CLANG_WARN_NON_LITERAL_NULL_CONVERSION = YES;
				CLANG_WARN_OBJC_IMPLICIT_RETAIN_SELF = YES;
				CLANG_WARN_OBJC_LITERAL_CONVERSION = YES;
				CLANG_WARN_OBJC_ROOT_CLASS = YES_ERROR;
				CLANG_WARN_QUOTED_INCLUDE_IN_FRAMEWORK_HEADER = YES;
				CLANG_WARN_RANGE_LOOP_ANALYSIS = YES;
				CLANG_WARN_STRICT_PROTOTYPES = YES;
				CLANG_WARN_SUSPICIOUS_MOVE = YES;
				CLANG_WARN_UNGUARDED_AVAILABILITY = YES_AGGRESSIVE;
				CLANG_WARN_UNREACHABLE_CODE = YES;
				CLANG_WARN__DUPLICATE_METHOD_MATCH = YES;
				COPY_PHASE_STRIP = NO;
				DEBUG_INFORMATION_FORMAT = dwarf;
				ENABLE_STRICT_OBJC_MSGSEND = YES;
				ENABLE_TESTABILITY = YES;
				ENABLE_USER_SCRIPT_SANDBOXING = YES;
				GCC_C_LANGUAGE_STANDARD = gnu17;
				GCC_DYNAMIC_NO_PIC = NO;
				GCC_NO_COMMON_BLOCKS = YES;
				GCC_OPTIMIZATION_LEVEL = 0;
				GCC_PREPROCESSOR_DEFINITIONS = (
					"DEBUG=1",
					"$(inherited)",
				);
				GCC_WARN_64_TO_32_BIT_CONVERSION = YES;
				GCC_WARN_ABOUT_RETURN_TYPE = YES_ERROR;
				GCC_WARN_UNDECLARED_SELECTOR = YES;
				GCC_WARN_UNINITIALIZED_AUTOS = YES_AGGRESSIVE;
				GCC_WARN_UNUSED_FUNCTION = YES;
				GCC_WARN_UNUSED_VARIABLE = YES;
				LOCALIZATION_PREFERS_STRING_CATALOGS = YES;
				MTL_ENABLE_DEBUG_INFO = INCLUDE_SOURCE;
				MTL_FAST_MATH = YES;
				ONLY_ACTIVE_ARCH = YES;
				SWIFT_ACTIVE_COMPILATION_CONDITIONS = "DEBUG $(inherited)";
				SWIFT_OPTIMIZATION_LEVEL = "-Onone";
			};
			name = Debug;
		};
		6ED534302C5EFD6000D3D420 /* Release */ = {
			isa = XCBuildConfiguration;
			buildSettings = {
				ALWAYS_SEARCH_USER_PATHS = NO;
				ASSETCATALOG_COMPILER_GENERATE_SWIFT_ASSET_SYMBOL_EXTENSIONS = YES;
				CLANG_ANALYZER_NONNULL = YES;
				CLANG_ANALYZER_NUMBER_OBJECT_CONVERSION = YES_AGGRESSIVE;
				CLANG_CXX_LANGUAGE_STANDARD = "gnu++20";
				CLANG_ENABLE_MODULES = YES;
				CLANG_ENABLE_OBJC_ARC = YES;
				CLANG_ENABLE_OBJC_WEAK = YES;
				CLANG_WARN_BLOCK_CAPTURE_AUTORELEASING = YES;
				CLANG_WARN_BOOL_CONVERSION = YES;
				CLANG_WARN_COMMA = YES;
				CLANG_WARN_CONSTANT_CONVERSION = YES;
				CLANG_WARN_DEPRECATED_OBJC_IMPLEMENTATIONS = YES;
				CLANG_WARN_DIRECT_OBJC_ISA_USAGE = YES_ERROR;
				CLANG_WARN_DOCUMENTATION_COMMENTS = YES;
				CLANG_WARN_EMPTY_BODY = YES;
				CLANG_WARN_ENUM_CONVERSION = YES;
				CLANG_WARN_INFINITE_RECURSION = YES;
				CLANG_WARN_INT_CONVERSION = YES;
				CLANG_WARN_NON_LITERAL_NULL_CONVERSION = YES;
				CLANG_WARN_OBJC_IMPLICIT_RETAIN_SELF = YES;
				CLANG_WARN_OBJC_LITERAL_CONVERSION = YES;
				CLANG_WARN_OBJC_ROOT_CLASS = YES_ERROR;
				CLANG_WARN_QUOTED_INCLUDE_IN_FRAMEWORK_HEADER = YES;
				CLANG_WARN_RANGE_LOOP_ANALYSIS = YES;
				CLANG_WARN_STRICT_PROTOTYPES = YES;
				CLANG_WARN_SUSPICIOUS_MOVE = YES;
				CLANG_WARN_UNGUARDED_AVAILABILITY = YES_AGGRESSIVE;
				CLANG_WARN_UNREACHABLE_CODE = YES;
				CLANG_WARN__DUPLICATE_METHOD_MATCH = YES;
				COPY_PHASE_STRIP = NO;
				DEBUG_INFORMATION_FORMAT = "dwarf-with-dsym";
				ENABLE_NS_ASSERTIONS = NO;
				ENABLE_STRICT_OBJC_MSGSEND = YES;
				ENABLE_USER_SCRIPT_SANDBOXING = YES;
				GCC_C_LANGUAGE_STANDARD = gnu17;
				GCC_NO_COMMON_BLOCKS = YES;
				GCC_WARN_64_TO_32_BIT_CONVERSION = YES;
				GCC_WARN_ABOUT_RETURN_TYPE = YES_ERROR;
				GCC_WARN_UNDECLARED_SELECTOR = YES;
				GCC_WARN_UNINITIALIZED_AUTOS = YES_AGGRESSIVE;
				GCC_WARN_UNUSED_FUNCTION = YES;
				GCC_WARN_UNUSED_VARIABLE = YES;
				LOCALIZATION_PREFERS_STRING_CATALOGS = YES;
				MTL_ENABLE_DEBUG_INFO = NO;
				MTL_FAST_MATH = YES;
				SWIFT_COMPILATION_MODE = wholemodule;
			};
			name = Release;
		};
		6ED534322C5EFD6000D3D420 /* Debug */ = {
			isa = XCBuildConfiguration;
			buildSettings = {
				ASSETCATALOG_COMPILER_APPICON_NAME = AppIcon;
				ASSETCATALOG_COMPILER_GLOBAL_ACCENT_COLOR_NAME = AccentColor;
				CODE_SIGN_ENTITLEMENTS = thirty/thirty.entitlements;
				CODE_SIGN_STYLE = Automatic;
				CURRENT_PROJECT_VERSION = 1;
				DEVELOPMENT_ASSET_PATHS = "\"thirty/Preview Content\"";
				DEVELOPMENT_TEAM = 3MG52TM5L8;
				ENABLE_HARDENED_RUNTIME = YES;
				ENABLE_PREVIEWS = YES;
				GENERATE_INFOPLIST_FILE = YES;
				"INFOPLIST_KEY_UIApplicationSceneManifest_Generation[sdk=iphoneos*]" = YES;
				"INFOPLIST_KEY_UIApplicationSceneManifest_Generation[sdk=iphonesimulator*]" = YES;
				"INFOPLIST_KEY_UIApplicationSupportsIndirectInputEvents[sdk=iphoneos*]" = YES;
				"INFOPLIST_KEY_UIApplicationSupportsIndirectInputEvents[sdk=iphonesimulator*]" = YES;
				"INFOPLIST_KEY_UILaunchScreen_Generation[sdk=iphoneos*]" = YES;
				"INFOPLIST_KEY_UILaunchScreen_Generation[sdk=iphonesimulator*]" = YES;
				"INFOPLIST_KEY_UIStatusBarStyle[sdk=iphoneos*]" = UIStatusBarStyleDefault;
				"INFOPLIST_KEY_UIStatusBarStyle[sdk=iphonesimulator*]" = UIStatusBarStyleDefault;
				INFOPLIST_KEY_UISupportedInterfaceOrientations = UIInterfaceOrientationPortrait;
				INFOPLIST_KEY_UISupportedInterfaceOrientations_iPad = "UIInterfaceOrientationPortrait UIInterfaceOrientationPortraitUpsideDown";
				IPHONEOS_DEPLOYMENT_TARGET = 17.5;
				LD_RUNPATH_SEARCH_PATHS = "@executable_path/Frameworks";
				"LD_RUNPATH_SEARCH_PATHS[sdk=macosx*]" = "@executable_path/../Frameworks";
				MACOSX_DEPLOYMENT_TARGET = 14.5;
				MARKETING_VERSION = 1.0;
				PRODUCT_BUNDLE_IDENTIFIER = pranav.thirty;
				PRODUCT_NAME = "$(TARGET_NAME)";
				SDKROOT = auto;
				SUPPORTED_PLATFORMS = "iphoneos iphonesimulator macosx";
				SWIFT_EMIT_LOC_STRINGS = YES;
				SWIFT_VERSION = 5.0;
				TARGETED_DEVICE_FAMILY = "1,2";
			};
			name = Debug;
		};
		6ED534332C5EFD6000D3D420 /* Release */ = {
			isa = XCBuildConfiguration;
			buildSettings = {
				ASSETCATALOG_COMPILER_APPICON_NAME = AppIcon;
				ASSETCATALOG_COMPILER_GLOBAL_ACCENT_COLOR_NAME = AccentColor;
				CODE_SIGN_ENTITLEMENTS = thirty/thirty.entitlements;
				CODE_SIGN_STYLE = Automatic;
				CURRENT_PROJECT_VERSION = 1;
				DEVELOPMENT_ASSET_PATHS = "\"thirty/Preview Content\"";
				DEVELOPMENT_TEAM = 3MG52TM5L8;
				ENABLE_HARDENED_RUNTIME = YES;
				ENABLE_PREVIEWS = YES;
				GENERATE_INFOPLIST_FILE = YES;
				"INFOPLIST_KEY_UIApplicationSceneManifest_Generation[sdk=iphoneos*]" = YES;
				"INFOPLIST_KEY_UIApplicationSceneManifest_Generation[sdk=iphonesimulator*]" = YES;
				"INFOPLIST_KEY_UIApplicationSupportsIndirectInputEvents[sdk=iphoneos*]" = YES;
				"INFOPLIST_KEY_UIApplicationSupportsIndirectInputEvents[sdk=iphonesimulator*]" = YES;
				"INFOPLIST_KEY_UILaunchScreen_Generation[sdk=iphoneos*]" = YES;
				"INFOPLIST_KEY_UILaunchScreen_Generation[sdk=iphonesimulator*]" = YES;
				"INFOPLIST_KEY_UIStatusBarStyle[sdk=iphoneos*]" = UIStatusBarStyleDefault;
				"INFOPLIST_KEY_UIStatusBarStyle[sdk=iphonesimulator*]" = UIStatusBarStyleDefault;
				INFOPLIST_KEY_UISupportedInterfaceOrientations = UIInterfaceOrientationPortrait;
				INFOPLIST_KEY_UISupportedInterfaceOrientations_iPad = "UIInterfaceOrientationPortrait UIInterfaceOrientationPortraitUpsideDown";
				IPHONEOS_DEPLOYMENT_TARGET = 17.5;
				LD_RUNPATH_SEARCH_PATHS = "@executable_path/Frameworks";
				"LD_RUNPATH_SEARCH_PATHS[sdk=macosx*]" = "@executable_path/../Frameworks";
				MACOSX_DEPLOYMENT_TARGET = 14.5;
				MARKETING_VERSION = 1.0;
				PRODUCT_BUNDLE_IDENTIFIER = pranav.thirty;
				PRODUCT_NAME = "$(TARGET_NAME)";
				SDKROOT = auto;
				SUPPORTED_PLATFORMS = "iphoneos iphonesimulator macosx";
				SWIFT_EMIT_LOC_STRINGS = YES;
				SWIFT_VERSION = 5.0;
				TARGETED_DEVICE_FAMILY = "1,2";
			};
			name = Release;
		};
/* End XCBuildConfiguration section */

/* Begin XCConfigurationList section */
		6ED5341D2C5EFD5E00D3D420 /* Build configuration list for PBXProject "thirty" */ = {
			isa = XCConfigurationList;
			buildConfigurations = (
				6ED5342F2C5EFD6000D3D420 /* Debug */,
				6ED534302C5EFD6000D3D420 /* Release */,
			);
			defaultConfigurationIsVisible = 0;
			defaultConfigurationName = Release;
		};
		6ED534312C5EFD6000D3D420 /* Build configuration list for PBXNativeTarget "thirty" */ = {
			isa = XCConfigurationList;
			buildConfigurations = (
				6ED534322C5EFD6000D3D420 /* Debug */,
				6ED534332C5EFD6000D3D420 /* Release */,
			);
			defaultConfigurationIsVisible = 0;
			defaultConfigurationName = Release;
		};
/* End XCConfigurationList section */

/* Begin XCRemoteSwiftPackageReference section */
		6EB774A42C65473B00A0F52F /* XCRemoteSwiftPackageReference "firebase-ios-sdk" */ = {
			isa = XCRemoteSwiftPackageReference;
			repositoryURL = "https://github.com/firebase/firebase-ios-sdk";
			requirement = {
				kind = upToNextMajorVersion;
				minimumVersion = 11.0.0;
			};
		};
/* End XCRemoteSwiftPackageReference section */

/* Begin XCSwiftPackageProductDependency section */
		6EB774A52C65473B00A0F52F /* FirebaseAnalytics */ = {
			isa = XCSwiftPackageProductDependency;
			package = 6EB774A42C65473B00A0F52F /* XCRemoteSwiftPackageReference "firebase-ios-sdk" */;
			productName = FirebaseAnalytics;
		};
		6EB774A72C65473B00A0F52F /* FirebaseAuth */ = {
			isa = XCSwiftPackageProductDependency;
			package = 6EB774A42C65473B00A0F52F /* XCRemoteSwiftPackageReference "firebase-ios-sdk" */;
			productName = FirebaseAuth;
		};
		6EB774A92C65473B00A0F52F /* FirebaseFirestore */ = {
			isa = XCSwiftPackageProductDependency;
			package = 6EB774A42C65473B00A0F52F /* XCRemoteSwiftPackageReference "firebase-ios-sdk" */;
			productName = FirebaseFirestore;
		};
		6EB774AB2C65473B00A0F52F /* FirebaseMessaging */ = {
			isa = XCSwiftPackageProductDependency;
			package = 6EB774A42C65473B00A0F52F /* XCRemoteSwiftPackageReference "firebase-ios-sdk" */;
			productName = FirebaseMessaging;
		};
		6EB774AD2C65473B00A0F52F /* FirebaseStorage */ = {
			isa = XCSwiftPackageProductDependency;
			package = 6EB774A42C65473B00A0F52F /* XCRemoteSwiftPackageReference "firebase-ios-sdk" */;
			productName = FirebaseStorage;
		};
/* End XCSwiftPackageProductDependency section */
	};
	rootObject = 6ED5341A2C5EFD5E00D3D420 /* Project object */;
}
